{
    "_readme": [
        "M57 php-composer/hello-binary fixture lockfile.",
        "Zero external Packagist dependencies; the lockfile pins the empty",
        "dependency set so 'composer install --no-dev' is a near-no-op.",
        "Generated by hand for the M57 fixture (matches the shape Composer 2.x",
        "writes when running 'composer install' against a require-only-php",
        "composer.json). When the host has Composer on PATH and is ready",
        "for an end-to-end regen, re-run 'composer install' from this dir",
        "to refresh this file."
    ],
    "content-hash": "00000000000000000000000000000000",
    "packages": [],
    "packages-dev": [],
    "aliases": [],
    "minimum-stability": "stable",
    "stability-flags": {},
    "prefer-stable": false,
    "prefer-lowest": false,
    "platform": {
        "php": ">=8.0"
    },
    "platform-dev": {},
    "plugin-api-version": "2.6.0"
}
